
Microsoft Visual Studio Solution File, Format Version 12.00
# Visual Studio Version 17
VisualStudioVersion = 17.0.31919.166
MinimumVisualStudioVersion = 10.0.40219.1
Project("{8BC9CEB8-8B4A-11D0-8D11-00A0C91BC942}") = "TicTacToe", "TicTacToe\TicTacToe.vcxproj", "{0F6431B7-E31B-4A38-8908-F1060AE006F1}"
EndProject
Global
	GlobalSection(SolutionConfigurationPlatforms) = preSolution
		Debug|x64 = Debug|x64
		Debug|x86 = Debug|x86
		Release|x64 = Release|x64
		Release|x86 = Release|x86
	EndGlobalSection
	GlobalSection(ProjectConfigurationPlatforms) = postSolution
		{0F6431B7-E31B-4A38-8908-F1060AE006F1}.Debug|x64.ActiveCfg = Debug|x64
		{0F6431B7-E31B-4A38-8908-F1060AE006F1}.Debug|x64.Build.0 = Debug|x64
		{0F6431B7-E31B-4A38-8908-F1060AE006F1}.Debug|x86.ActiveCfg = Debug|Win32
		{0F6431B7-E31B-4A38-8908-F1060AE006F1}.Debug|x86.Build.0 = Debug|Win32
		{0F6431B7-E31B-4A38-8908-F1060AE006F1}.Release|x64.ActiveCfg = Release|x64
		{0F6431B7-E31B-4A38-8908-F1060AE006F1}.Release|x64.Build.0 = Release|x64
		{0F6431B7-E31B-4A38-8908-F1060AE006F1}.Release|x86.ActiveCfg = Release|Win32
		{0F6431B7-E31B-4A38-8908-F1060AE006F1}.Release|x86.Build.0 = Release|Win32
	EndGlobalSection
	GlobalSection(SolutionProperties) = preSolution
		HideSolutionNode = FALSE
	EndGlobalSection
	GlobalSection(ExtensibilityGlobals) = postSolution
		SolutionGuid = {0CD919C3-FBDB-43E3-B45A-0E1F5B740699}
	EndGlobalSection
EndGlobal
